
Microsoft Visual Studio Solution File, Format Version 12.00
# Visual Studio Version 17
VisualStudioVersion = 17.9.34728.123
MinimumVisualStudioVersion = 10.0.40219.1
Project("{FAE04EC0-301F-11D3-BF4B-00C04F79EFBC}") = "FitzRepresentacoes", "FitzRepresentacoes\FitzRepresentacoes.csproj", "{CACC0FD6-6BED-4D9C-8C2A-6F7A2FC73BA4}"
EndProject
Global
	GlobalSection(SolutionConfigurationPlatforms) = preSolution
		Debug|Any CPU = Debug|Any CPU
		Release|Any CPU = Release|Any CPU
	EndGlobalSection
	GlobalSection(ProjectConfigurationPlatforms) = postSolution
		{CACC0FD6-6BED-4D9C-8C2A-6F7A2FC73BA4}.Debug|Any CPU.ActiveCfg = Debug|Any CPU
		{CACC0FD6-6BED-4D9C-8C2A-6F7A2FC73BA4}.Debug|Any CPU.Build.0 = Debug|Any CPU
		{CACC0FD6-6BED-4D9C-8C2A-6F7A2FC73BA4}.Release|Any CPU.ActiveCfg = Release|Any CPU
		{CACC0FD6-6BED-4D9C-8C2A-6F7A2FC73BA4}.Release|Any CPU.Build.0 = Release|Any CPU
	EndGlobalSection
	GlobalSection(SolutionProperties) = preSolution
		HideSolutionNode = FALSE
	EndGlobalSection
	GlobalSection(ExtensibilityGlobals) = postSolution
		SolutionGuid = {AF4D0FB7-ECDC-448D-8EDD-919FBF6103DE}
	EndGlobalSection
EndGlobal
